
Microsoft Visual Studio Solution File, Format Version 12.00
# Visual Studio Version 17
VisualStudioVersion = 17.14.36705.20 d17.14
MinimumVisualStudioVersion = 10.0.40219.1
Project("{FAE04EC0-301F-11D3-BF4B-00C04F79EFBC}") = "StudentCredits.Microservice.Api", "StudentCredits.Microservice.Api\StudentCredits.Microservice.Api.csproj", "{EFCF06D5-A97C-400E-824E-AF8AF91E97AF}"
EndProject
Global
	GlobalSection(SolutionConfigurationPlatforms) = preSolution
		Debug|Any CPU = Debug|Any CPU
		Release|Any CPU = Release|Any CPU
	EndGlobalSection
	GlobalSection(ProjectConfigurationPlatforms) = postSolution
		{EFCF06D5-A97C-400E-824E-AF8AF91E97AF}.Debug|Any CPU.ActiveCfg = Debug|Any CPU
		{EFCF06D5-A97C-400E-824E-AF8AF91E97AF}.Debug|Any CPU.Build.0 = Debug|Any CPU
		{EFCF06D5-A97C-400E-824E-AF8AF91E97AF}.Release|Any CPU.ActiveCfg = Release|Any CPU
		{EFCF06D5-A97C-400E-824E-AF8AF91E97AF}.Release|Any CPU.Build.0 = Release|Any CPU
	EndGlobalSection
	GlobalSection(SolutionProperties) = preSolution
		HideSolutionNode = FALSE
	EndGlobalSection
	GlobalSection(ExtensibilityGlobals) = postSolution
		SolutionGuid = {8997ECCE-5187-41AE-B541-E7608CC92764}
	EndGlobalSection
EndGlobal
